
Microsoft Visual Studio Solution File, Format Version 12.00
# Visual Studio Version 16
VisualStudioVersion = 16.0.30523.141
MinimumVisualStudioVersion = 10.0.40219.1
Project("{2150E333-8FDC-42A3-9474-1A3956D46DE8}") = "ApplicationLayer", "ApplicationLayer", "{77A94D2C-C31F-4DC9-A08A-7D6134952C5B}"
EndProject
Project("{2150E333-8FDC-42A3-9474-1A3956D46DE8}") = "InfrastructureLayer", "InfrastructureLayer", "{407633FA-35EE-4062-BEF0-F4772AEBDC3F}"
EndProject
Project("{2150E333-8FDC-42A3-9474-1A3956D46DE8}") = "DomainLayer", "DomainLayer", "{91C21154-0039-4651-90D5-3FBD2D98A35A}"
EndProject
Project("{2150E333-8FDC-42A3-9474-1A3956D46DE8}") = "PresentationLayer", "PresentationLayer", "{D37CFAEF-A968-4C90-86DF-B38A6EBCCDCA}"
EndProject
Project("{FAE04EC0-301F-11D3-BF4B-00C04F79EFBC}") = "Domain", "Domain\Domain.csproj", "{7C138C51-748F-487C-A422-5B06F037D6E5}"
EndProject
Project("{FAE04EC0-301F-11D3-BF4B-00C04F79EFBC}") = "ApplicationTeatro", "ApplicationTeatro\ApplicationTeatro.csproj", "{CEA1A4C7-3B47-415E-95D2-DB8C80BF8124}"
EndProject
Project("{2150E333-8FDC-42A3-9474-1A3956D46DE8}") = "PersistenceLayer", "PersistenceLayer", "{9AA52DE2-1910-437E-9130-6F0B5D3A1E63}"
EndProject
Project("{FAE04EC0-301F-11D3-BF4B-00C04F79EFBC}") = "InfrastructureTeatro", "InfrastructureTeatro\InfrastructureTeatro.csproj", "{CBA85C82-DDF1-4AF3-AA37-1CC49F40C1C4}"
EndProject
Project("{FAE04EC0-301F-11D3-BF4B-00C04F79EFBC}") = "TeatroPersistence", "TeatroPersistence\TeatroPersistence.csproj", "{A217D715-36D3-4027-97E9-1B5237EC393A}"
EndProject
Project("{FAE04EC0-301F-11D3-BF4B-00C04F79EFBC}") = "WpfAppTeatro", "WpfAppTeatro\WpfAppTeatro.csproj", "{A28BAA6C-6DEB-47F5-8DC9-CF21E3EB310F}"
EndProject
Project("{FAE04EC0-301F-11D3-BF4B-00C04F79EFBC}") = "InfastructureTeatroIoC", "InfastructureTeatrioIoC\InfastructureTeatroIoC.csproj", "{290C707A-00D2-4D2C-8325-001B89E10E26}"
EndProject
Global
	GlobalSection(SolutionConfigurationPlatforms) = preSolution
		Debug|Any CPU = Debug|Any CPU
		Release|Any CPU = Release|Any CPU
	EndGlobalSection
	GlobalSection(ProjectConfigurationPlatforms) = postSolution
		{7C138C51-748F-487C-A422-5B06F037D6E5}.Debug|Any CPU.ActiveCfg = Debug|Any CPU
		{7C138C51-748F-487C-A422-5B06F037D6E5}.Debug|Any CPU.Build.0 = Debug|Any CPU
		{7C138C51-748F-487C-A422-5B06F037D6E5}.Release|Any CPU.ActiveCfg = Release|Any CPU
		{7C138C51-748F-487C-A422-5B06F037D6E5}.Release|Any CPU.Build.0 = Release|Any CPU
		{CEA1A4C7-3B47-415E-95D2-DB8C80BF8124}.Debug|Any CPU.ActiveCfg = Debug|Any CPU
		{CEA1A4C7-3B47-415E-95D2-DB8C80BF8124}.Debug|Any CPU.Build.0 = Debug|Any CPU
		{CEA1A4C7-3B47-415E-95D2-DB8C80BF8124}.Release|Any CPU.ActiveCfg = Release|Any CPU
		{CEA1A4C7-3B47-415E-95D2-DB8C80BF8124}.Release|Any CPU.Build.0 = Release|Any CPU
		{CBA85C82-DDF1-4AF3-AA37-1CC49F40C1C4}.Debug|Any CPU.ActiveCfg = Debug|Any CPU
		{CBA85C82-DDF1-4AF3-AA37-1CC49F40C1C4}.Debug|Any CPU.Build.0 = Debug|Any CPU
		{CBA85C82-DDF1-4AF3-AA37-1CC49F40C1C4}.Release|Any CPU.ActiveCfg = Release|Any CPU
		{CBA85C82-DDF1-4AF3-AA37-1CC49F40C1C4}.Release|Any CPU.Build.0 = Release|Any CPU
		{A217D715-36D3-4027-97E9-1B5237EC393A}.Debug|Any CPU.ActiveCfg = Debug|Any CPU
		{A217D715-36D3-4027-97E9-1B5237EC393A}.Debug|Any CPU.Build.0 = Debug|Any CPU
		{A217D715-36D3-4027-97E9-1B5237EC393A}.Release|Any CPU.ActiveCfg = Release|Any CPU
		{A217D715-36D3-4027-97E9-1B5237EC393A}.Release|Any CPU.Build.0 = Release|Any CPU
		{A28BAA6C-6DEB-47F5-8DC9-CF21E3EB310F}.Debug|Any CPU.ActiveCfg = Debug|Any CPU
		{A28BAA6C-6DEB-47F5-8DC9-CF21E3EB310F}.Debug|Any CPU.Build.0 = Debug|Any CPU
		{A28BAA6C-6DEB-47F5-8DC9-CF21E3EB310F}.Release|Any CPU.ActiveCfg = Release|Any CPU
		{A28BAA6C-6DEB-47F5-8DC9-CF21E3EB310F}.Release|Any CPU.Build.0 = Release|Any CPU
		{290C707A-00D2-4D2C-8325-001B89E10E26}.Debug|Any CPU.ActiveCfg = Debug|Any CPU
		{290C707A-00D2-4D2C-8325-001B89E10E26}.Debug|Any CPU.Build.0 = Debug|Any CPU
		{290C707A-00D2-4D2C-8325-001B89E10E26}.Release|Any CPU.ActiveCfg = Release|Any CPU
		{290C707A-00D2-4D2C-8325-001B89E10E26}.Release|Any CPU.Build.0 = Release|Any CPU
	EndGlobalSection
	GlobalSection(SolutionProperties) = preSolution
		HideSolutionNode = FALSE
	EndGlobalSection
	GlobalSection(NestedProjects) = preSolution
		{7C138C51-748F-487C-A422-5B06F037D6E5} = {91C21154-0039-4651-90D5-3FBD2D98A35A}
		{CEA1A4C7-3B47-415E-95D2-DB8C80BF8124} = {77A94D2C-C31F-4DC9-A08A-7D6134952C5B}
		{CBA85C82-DDF1-4AF3-AA37-1CC49F40C1C4} = {407633FA-35EE-4062-BEF0-F4772AEBDC3F}
		{A217D715-36D3-4027-97E9-1B5237EC393A} = {9AA52DE2-1910-437E-9130-6F0B5D3A1E63}
		{A28BAA6C-6DEB-47F5-8DC9-CF21E3EB310F} = {D37CFAEF-A968-4C90-86DF-B38A6EBCCDCA}
		{290C707A-00D2-4D2C-8325-001B89E10E26} = {407633FA-35EE-4062-BEF0-F4772AEBDC3F}
	EndGlobalSection
	GlobalSection(ExtensibilityGlobals) = postSolution
		SolutionGuid = {D9864F3A-F3CF-475C-940F-AAC8209DEA75}
	EndGlobalSection
EndGlobal
