
Microsoft Visual Studio Solution File, Format Version 12.00
# Visual Studio Version 16
VisualStudioVersion = 16.0.30523.141
MinimumVisualStudioVersion = 10.0.40219.1
Project("{2150E333-8FDC-42A3-9474-1A3956D46DE8}") = "ApplicationLayer", "ApplicationLayer", "{77A94D2C-C31F-4DC9-A08A-7D6134952C5B}"
EndProject
Project("{2150E333-8FDC-42A3-9474-1A3956D46DE8}") = "LayerInfrastructure", "LayerInfrastructure", "{407633FA-35EE-4062-BEF0-F4772AEBDC3F}"
EndProject
Project("{2150E333-8FDC-42A3-9474-1A3956D46DE8}") = "DomainLayer", "DomainLayer", "{91C21154-0039-4651-90D5-3FBD2D98A35A}"
EndProject
Project("{2150E333-8FDC-42A3-9474-1A3956D46DE8}") = "PresentationLayer", "PresentationLayer", "{D37CFAEF-A968-4C90-86DF-B38A6EBCCDCA}"
EndProject
Project("{FAE04EC0-301F-11D3-BF4B-00C04F79EFBC}") = "Domain", "Domain\Domain.csproj", "{7C138C51-748F-487C-A422-5B06F037D6E5}"
EndProject
Global
	GlobalSection(SolutionConfigurationPlatforms) = preSolution
		Debug|Any CPU = Debug|Any CPU
		Release|Any CPU = Release|Any CPU
	EndGlobalSection
	GlobalSection(ProjectConfigurationPlatforms) = postSolution
		{7C138C51-748F-487C-A422-5B06F037D6E5}.Debug|Any CPU.ActiveCfg = Debug|Any CPU
		{7C138C51-748F-487C-A422-5B06F037D6E5}.Debug|Any CPU.Build.0 = Debug|Any CPU
		{7C138C51-748F-487C-A422-5B06F037D6E5}.Release|Any CPU.ActiveCfg = Release|Any CPU
		{7C138C51-748F-487C-A422-5B06F037D6E5}.Release|Any CPU.Build.0 = Release|Any CPU
	EndGlobalSection
	GlobalSection(SolutionProperties) = preSolution
		HideSolutionNode = FALSE
	EndGlobalSection
	GlobalSection(NestedProjects) = preSolution
		{7C138C51-748F-487C-A422-5B06F037D6E5} = {91C21154-0039-4651-90D5-3FBD2D98A35A}
	EndGlobalSection
	GlobalSection(ExtensibilityGlobals) = postSolution
		SolutionGuid = {D9864F3A-F3CF-475C-940F-AAC8209DEA75}
	EndGlobalSection
EndGlobal
